
Microsoft Visual Studio Solution File, Format Version 12.00
# Visual Studio 15
VisualStudioVersion = 15.0.27428.2015
MinimumVisualStudioVersion = 10.0.40219.1
Project("{FAE04EC0-301F-11D3-BF4B-00C04F79EFBC}") = "ShipRadarSimulation", "ShipRadarSimulation\ShipRadarSimulation.csproj", "{FFDD0D51-5BD5-4EFE-945B-D27C4E92828D}"
EndProject
Global
	GlobalSection(SolutionConfigurationPlatforms) = preSolution
		Debug|Any CPU = Debug|Any CPU
		Release|Any CPU = Release|Any CPU
	EndGlobalSection
	GlobalSection(ProjectConfigurationPlatforms) = postSolution
		{FFDD0D51-5BD5-4EFE-945B-D27C4E92828D}.Debug|Any CPU.ActiveCfg = Debug|Any CPU
		{FFDD0D51-5BD5-4EFE-945B-D27C4E92828D}.Debug|Any CPU.Build.0 = Debug|Any CPU
		{FFDD0D51-5BD5-4EFE-945B-D27C4E92828D}.Release|Any CPU.ActiveCfg = Release|Any CPU
		{FFDD0D51-5BD5-4EFE-945B-D27C4E92828D}.Release|Any CPU.Build.0 = Release|Any CPU
	EndGlobalSection
	GlobalSection(SolutionProperties) = preSolution
		HideSolutionNode = FALSE
	EndGlobalSection
	GlobalSection(ExtensibilityGlobals) = postSolution
		SolutionGuid = {4F474FC6-CF87-4892-9168-CD9596A38F15}
	EndGlobalSection
EndGlobal
